// !$*UTF8*$!
{
	archiveVersion = 1;
	classes = {
	};
	objectVersion = 50;
	objects = {

/* Begin PBXBuildFile section */
		DD0E65822520F26600A17D84 /* AppDelegate.swift in Sources */ = {isa = PBXBuildFile; fileRef = DD0E65812520F26600A17D84 /* AppDelegate.swift */; };
		DD0E65842520F26600A17D84 /* SceneDelegate.swift in Sources */ = {isa = PBXBuildFile; fileRef = DD0E65832520F26600A17D84 /* SceneDelegate.swift */; };
		DD0E65862520F26600A17D84 /* ViewController.swift in Sources */ = {isa = PBXBuildFile; fileRef = DD0E65852520F26600A17D84 /* ViewController.swift */; };
		DD0E65892520F26600A17D84 /* Main.storyboard in Resources */ = {isa = PBXBuildFile; fileRef = DD0E65872520F26600A17D84 /* Main.storyboard */; };
		DD0E658B2520F27100A17D84 /* Assets.xcassets in Resources */ = {isa = PBXBuildFile; fileRef = DD0E658A2520F27100A17D84 /* Assets.xcassets */; };
		DD0E658E2520F27100A17D84 /* LaunchScreen.storyboard in Resources */ = {isa = PBXBuildFile; fileRef = DD0E658C2520F27100A17D84 /* LaunchScreen.storyboard */; };
		DD9BC32B2521309000299756 /* TrackVc.swift in Sources */ = {isa = PBXBuildFile; fileRef = DD9BC32A2521309000299756 /* TrackVc.swift */; };
/* End PBXBuildFile section */

/* Begin PBXFileReference section */
		DD0E657E2520F26600A17D84 /* GitTestXcode.app */ = {isa = PBXFileReference; explicitFileType = wrapper.application; includeInIndex = 0; path = GitTestXcode.app; sourceTree = BUILT_PRODUCTS_DIR; };
		DD0E65812520F26600A17D84 /* AppDelegate.swift */ = {isa = PBXFileReference; lastKnownFileType = sourcecode.swift; path = AppDelegate.swift; sourceTree = "<group>"; };
		DD0E65832520F26600A17D84 /* SceneDelegate.swift */ = {isa = PBXFileReference; lastKnownFileType = sourcecode.swift; path = SceneDelegate.swift; sourceTree = "<group>"; };
		DD0E65852520F26600A17D84 /* ViewController.swift */ = {isa = PBXFileReference; lastKnownFileType = sourcecode.swift; path = ViewController.swift; sourceTree = "<group>"; };
		DD0E65882520F26600A17D84 /* Base */ = {isa = PBXFileReference; lastKnownFileType = file.storyboard; name = Base; path = Base.lproj/Main.storyboard; sourceTree = "<group>"; };
		DD0E658A2520F27100A17D84 /* Assets.xcassets */ = {isa = PBXFileReference; lastKnownFileType = folder.assetcatalog; path = Assets.xcassets; sourceTree = "<group>"; };
		DD0E658D2520F27100A17D84 /* Base */ = {isa = PBXFileReference; lastKnownFileType = file.storyboard; name = Base; path = Base.lproj/LaunchScreen.storyboard; sourceTree = "<group>"; };
		DD0E658F2520F27100A17D84 /* Info.plist */ = {isa = PBXFileReference; lastKnownFileType = text.plist.xml; path = Info.plist; sourceTree = "<group>"; };
		DD9BC32A2521309000299756 /* TrackVc.swift */ = {isa = PBXFileReference; lastKnownFileType = sourcecode.swift; path = TrackVc.swift; sourceTree = "<group>"; };
/* End PBXFileReference section */

/* Begin PBXFrameworksBuildPhase section */
		DD0E657B2520F26600A17D84 /* Frameworks */ = {
			isa = PBXFrameworksBuildPhase;
			buildActionMask = 2147483647;
			files = (
			);
			runOnlyForDeploymentPostprocessing = 0;
		};
/* End PBXFrameworksBuildPhase section */

/* Begin PBXGroup section */
		DD0E65752520F26500A17D84 = {
			isa = PBXGroup;
			children = (
				DD0E65802520F26600A17D84 /* GitTestXcode */,
				DD0E657F2520F26600A17D84 /* Products */,
			);
			sourceTree = "<group>";
		};
		DD0E657F2520F26600A17D84 /* Products */ = {
			isa = PBXGroup;
			children = (
				DD0E657E2520F26600A17D84 /* GitTestXcode.app */,
			);
			name = Products;
			sourceTree = "<group>";
		};
		DD0E65802520F26600A17D84 /* GitTestXcode */ = {
			isa = PBXGroup;
			children = (
				DD0E65812520F26600A17D84 /* AppDelegate.swift */,
				DD0E65832520F26600A17D84 /* SceneDelegate.swift */,
				DD0E65852520F26600A17D84 /* ViewController.swift */,
				DD0E65872520F26600A17D84 /* Main.storyboard */,
				DD0E658A2520F27100A17D84 /* Assets.xcassets */,
				DD0E658C2520F27100A17D84 /* LaunchScreen.storyboard */,
				DD0E658F2520F27100A17D84 /* Info.plist */,
				DD9BC32A2521309000299756 /* TrackVc.swift */,
			);
			path = GitTestXcode;
			sourceTree = "<group>";
		};
/* End PBXGroup section */

/* Begin PBXNativeTarget section */
		DD0E657D2520F26600A17D84 /* GitTestXcode */ = {
			isa = PBXNativeTarget;
			buildConfigurationList = DD0E65922520F27100A17D84 /* Build configuration list for PBXNativeTarget "GitTestXcode" */;
			buildPhases = (
				DD0E657A2520F26600A17D84 /* Sources */,
				DD0E657B2520F26600A17D84 /* Frameworks */,
				DD0E657C2520F26600A17D84 /* Resources */,
			);
			buildRules = (
			);
			dependencies = (
			);
			name = GitTestXcode;
			productName = GitTestXcode;
			productReference = DD0E657E2520F26600A17D84 /* GitTestXcode.app */;
			productType = "com.apple.product-type.application";
		};
/* End PBXNativeTarget section */

/* Begin PBXProject section */
		DD0E65762520F26500A17D84 /* Project object */ = {
			isa = PBXProject;
			attributes = {
				LastSwiftUpdateCheck = 1160;
				LastUpgradeCheck = 1160;
				ORGANIZATIONNAME = storage;
				TargetAttributes = {
					DD0E657D2520F26600A17D84 = {
						CreatedOnToolsVersion = 11.6;
					};
				};
			};
			buildConfigurationList = DD0E65792520F26500A17D84 /* Build configuration list for PBXProject "GitTestXcode" */;
			compatibilityVersion = "Xcode 9.3";
			developmentRegion = en;
			hasScannedForEncodings = 0;
			knownRegions = (
				en,
				Base,
			);
			mainGroup = DD0E65752520F26500A17D84;
			productRefGroup = DD0E657F2520F26600A17D84 /* Products */;
			projectDirPath = "";
			projectRoot = "";
			targets = (
				DD0E657D2520F26600A17D84 /* GitTestXcode */,
			);
		};
/* End PBXProject section */

/* Begin PBXResourcesBuildPhase section */
		DD0E657C2520F26600A17D84 /* Resources */ = {
			isa = PBXResourcesBuildPhase;
			buildActionMask = 2147483647;
			files = (
				DD0E658E2520F27100A17D84 /* LaunchScreen.storyboard in Resources */,
				DD0E658B2520F27100A17D84 /* Assets.xcassets in Resources */,
				DD0E65892520F26600A17D84 /* Main.storyboard in Resources */,
			);
			runOnlyForDeploymentPostprocessing = 0;
		};
/* End PBXResourcesBuildPhase section */

/* Begin PBXSourcesBuildPhase section */
		DD0E657A2520F26600A17D84 /* Sources */ = {
			isa = PBXSourcesBuildPhase;
			buildActionMask = 2147483647;
			files = (
				DD0E65862520F26600A17D84 /* ViewController.swift in Sources */,
				DD0E65822520F26600A17D84 /* AppDelegate.swift in Sources */,
				DD9BC32B2521309000299756 /* TrackVc.swift in Sources */,
				DD0E65842520F26600A17D84 /* SceneDelegate.swift in Sources */,
			);
			runOnlyForDeploymentPostprocessing = 0;
		};
/* End PBXSourcesBuildPhase section */

/* Begin PBXVariantGroup section */
		DD0E65872520F26600A17D84 /* Main.storyboard */ = {
			isa = PBXVariantGroup;
			children = (
				DD0E65882520F26600A17D84 /* Base */,
			);
			name = Main.storyboard;
			sourceTree = "<group>";
		};
		DD0E658C2520F27100A17D84 /* LaunchScreen.storyboard */ = {
			isa = PBXVariantGroup;
			children = (
				DD0E658D2520F27100A17D84 /* Base */,
			);
			name = LaunchScreen.storyboard;
			sourceTree = "<group>";
		};
/* End PBXVariantGroup section */

/* Begin XCBuildConfiguration section */
		DD0E65902520F27100A17D84 /* Debug */ = {
			isa = XCBuildConfiguration;
			buildSettings = {
				ALWAYS_SEARCH_USER_PATHS = NO;
				CLANG_ANALYZER_NONNULL = YES;
				CLANG_ANALYZER_NUMBER_OBJECT_CONVERSION = YES_AGGRESSIVE;
				CLANG_CXX_LANGUAGE_STANDARD = "gnu++14";
				CLANG_CXX_LIBRARY = "libc++";
				CLANG_ENABLE_MODULES = YES;
				CLANG_ENABLE_OBJC_ARC = YES;
				CLANG_ENABLE_OBJC_WEAK = YES;
				CLANG_WARN_BLOCK_CAPTURE_AUTORELEASING = YES;
				CLANG_WARN_BOOL_CONVERSION = YES;
				CLANG_WARN_COMMA = YES;
				CLANG_WARN_CONSTANT_CONVERSION = YES;
				CLANG_WARN_DEPRECATED_OBJC_IMPLEMENTATIONS = YES;
				CLANG_WARN_DIRECT_OBJC_ISA_USAGE = YES_ERROR;
				CLANG_WARN_DOCUMENTATION_COMMENTS = YES;
				CLANG_WARN_EMPTY_BODY = YES;
				CLANG_WARN_ENUM_CONVERSION = YES;
				CLANG_WARN_INFINITE_RECURSION = YES;
				CLANG_WARN_INT_CONVERSION = YES;
				CLANG_WARN_NON_LITERAL_NULL_CONVERSION = YES;
				CLANG_WARN_OBJC_IMPLICIT_RETAIN_SELF = YES;
				CLANG_WARN_OBJC_LITERAL_CONVERSION = YES;
				CLANG_WARN_OBJC_ROOT_CLASS = YES_ERROR;
				CLANG_WARN_RANGE_LOOP_ANALYSIS = YES;
				CLANG_WARN_STRICT_PROTOTYPES = YES;
				CLANG_WARN_SUSPICIOUS_MOVE = YES;
				CLANG_WARN_UNGUARDED_AVAILABILITY = YES_AGGRESSIVE;
				CLANG_WARN_UNREACHABLE_CODE = YES;
				CLANG_WARN__DUPLICATE_METHOD_MATCH = YES;
				COPY_PHASE_STRIP = NO;
				DEBUG_INFORMATION_FORMAT = dwarf;
				ENABLE_STRICT_OBJC_MSGSEND = YES;
				ENABLE_TESTABILITY = YES;
				GCC_C_LANGUAGE_STANDARD = gnu11;
				GCC_DYNAMIC_NO_PIC = NO;
				GCC_NO_COMMON_BLOCKS = YES;
				GCC_OPTIMIZATION_LEVEL = 0;
				GCC_PREPROCESSOR_DEFINITIONS = (
					"DEBUG=1",
					"$(inherited)",
				);
				GCC_WARN_64_TO_32_BIT_CONVERSION = YES;
				GCC_WARN_ABOUT_RETURN_TYPE = YES_ERROR;
				GCC_WARN_UNDECLARED_SELECTOR = YES;
				GCC_WARN_UNINITIALIZED_AUTOS = YES_AGGRESSIVE;
				GCC_WARN_UNUSED_FUNCTION = YES;
				GCC_WARN_UNUSED_VARIABLE = YES;
				IPHONEOS_DEPLOYMENT_TARGET = 13.6;
				MTL_ENABLE_DEBUG_INFO = INCLUDE_SOURCE;
				MTL_FAST_MATH = YES;
				ONLY_ACTIVE_ARCH = YES;
				SDKROOT = iphoneos;
				SWIFT_ACTIVE_COMPILATION_CONDITIONS = DEBUG;
				SWIFT_OPTIMIZATION_LEVEL = "-Onone";
			};
			name = Debug;
		};
		DD0E65912520F27100A17D84 /* Release */ = {
			isa = XCBuildConfiguration;
			buildSettings = {
				ALWAYS_SEARCH_USER_PATHS = NO;
				CLANG_ANALYZER_NONNULL = YES;
				CLANG_ANALYZER_NUMBER_OBJECT_CONVERSION = YES_AGGRESSIVE;
				CLANG_CXX_LANGUAGE_STANDARD = "gnu++14";
				CLANG_CXX_LIBRARY = "libc++";
				CLANG_ENABLE_MODULES = YES;
				CLANG_ENABLE_OBJC_ARC = YES;
				CLANG_ENABLE_OBJC_WEAK = YES;
				CLANG_WARN_BLOCK_CAPTURE_AUTORELEASING = YES;
				CLANG_WARN_BOOL_CONVERSION = YES;
				CLANG_WARN_COMMA = YES;
				CLANG_WARN_CONSTANT_CONVERSION = YES;
				CLANG_WARN_DEPRECATED_OBJC_IMPLEMENTATIONS = YES;
				CLANG_WARN_DIRECT_OBJC_ISA_USAGE = YES_ERROR;
				CLANG_WARN_DOCUMENTATION_COMMENTS = YES;
				CLANG_WARN_EMPTY_BODY = YES;
				CLANG_WARN_ENUM_CONVERSION = YES;
				CLANG_WARN_INFINITE_RECURSION = YES;
				CLANG_WARN_INT_CONVERSION = YES;
				CLANG_WARN_NON_LITERAL_NULL_CONVERSION = YES;
				CLANG_WARN_OBJC_IMPLICIT_RETAIN_SELF = YES;
				CLANG_WARN_OBJC_LITERAL_CONVERSION = YES;
				CLANG_WARN_OBJC_ROOT_CLASS = YES_ERROR;
				CLANG_WARN_RANGE_LOOP_ANALYSIS = YES;
				CLANG_WARN_STRICT_PROTOTYPES = YES;
				CLANG_WARN_SUSPICIOUS_MOVE = YES;
				CLANG_WARN_UNGUARDED_AVAILABILITY = YES_AGGRESSIVE;
				CLANG_WARN_UNREACHABLE_CODE = YES;
				CLANG_WARN__DUPLICATE_METHOD_MATCH = YES;
				COPY_PHASE_STRIP = NO;
				DEBUG_INFORMATION_FORMAT = "dwarf-with-dsym";
				ENABLE_NS_ASSERTIONS = NO;
				ENABLE_STRICT_OBJC_MSGSEND = YES;
				GCC_C_LANGUAGE_STANDARD = gnu11;
				GCC_NO_COMMON_BLOCKS = YES;
				GCC_WARN_64_TO_32_BIT_CONVERSION = YES;
				GCC_WARN_ABOUT_RETURN_TYPE = YES_ERROR;
				GCC_WARN_UNDECLARED_SELECTOR = YES;
				GCC_WARN_UNINITIALIZED_AUTOS = YES_AGGRESSIVE;
				GCC_WARN_UNUSED_FUNCTION = YES;
				GCC_WARN_UNUSED_VARIABLE = YES;
				IPHONEOS_DEPLOYMENT_TARGET = 13.6;
				MTL_ENABLE_DEBUG_INFO = NO;
				MTL_FAST_MATH = YES;
				SDKROOT = iphoneos;
				SWIFT_COMPILATION_MODE = wholemodule;
				SWIFT_OPTIMIZATION_LEVEL = "-O";
				VALIDATE_PRODUCT = YES;
			};
			name = Release;
		};
		DD0E65932520F27100A17D84 /* Debug */ = {
			isa = XCBuildConfiguration;
			buildSettings = {
				ASSETCATALOG_COMPILER_APPICON_NAME = AppIcon;
				CODE_SIGN_STYLE = Automatic;
				INFOPLIST_FILE = GitTestXcode/Info.plist;
				LD_RUNPATH_SEARCH_PATHS = (
					"$(inherited)",
					"@executable_path/Frameworks",
				);
				PRODUCT_BUNDLE_IDENTIFIER = com.storage.GitTestXcode;
				PRODUCT_NAME = "$(TARGET_NAME)";
				SWIFT_VERSION = 5.0;
				TARGETED_DEVICE_FAMILY = "1,2";
			};
			name = Debug;
		};
		DD0E65942520F27100A17D84 /* Release */ = {
			isa = XCBuildConfiguration;
			buildSettings = {
				ASSETCATALOG_COMPILER_APPICON_NAME = AppIcon;
				CODE_SIGN_STYLE = Automatic;
				INFOPLIST_FILE = GitTestXcode/Info.plist;
				LD_RUNPATH_SEARCH_PATHS = (
					"$(inherited)",
					"@executable_path/Frameworks",
				);
				PRODUCT_BUNDLE_IDENTIFIER = com.storage.GitTestXcode;
				PRODUCT_NAME = "$(TARGET_NAME)";
				SWIFT_VERSION = 5.0;
				TARGETED_DEVICE_FAMILY = "1,2";
			};
			name = Release;
		};
/* End XCBuildConfiguration section */

/* Begin XCConfigurationList section */
		DD0E65792520F26500A17D84 /* Build configuration list for PBXProject "GitTestXcode" */ = {
			isa = XCConfigurationList;
			buildConfigurations = (
				DD0E65902520F27100A17D84 /* Debug */,
				DD0E65912520F27100A17D84 /* Release */,
			);
			defaultConfigurationIsVisible = 0;
			defaultConfigurationName = Release;
		};
		DD0E65922520F27100A17D84 /* Build configuration list for PBXNativeTarget "GitTestXcode" */ = {
			isa = XCConfigurationList;
			buildConfigurations = (
				DD0E65932520F27100A17D84 /* Debug */,
				DD0E65942520F27100A17D84 /* Release */,
			);
			defaultConfigurationIsVisible = 0;
			defaultConfigurationName = Release;
		};
/* End XCConfigurationList section */
	};
	rootObject = DD0E65762520F26500A17D84 /* Project object */;
}
